
Microsoft Visual Studio Solution File, Format Version 12.00
# Visual Studio 15
VisualStudioVersion = 15.0.27428.1
MinimumVisualStudioVersion = 10.0.40219.1
Project("{FAE04EC0-301F-11D3-BF4B-00C04F79EFBC}") = "FinansPlan", "FinansPlan\FinansPlan.csproj", "{04395BF4-D7CF-45F1-87EE-BADE345BFCCB}"
EndProject
Project("{FAE04EC0-301F-11D3-BF4B-00C04F79EFBC}") = "FinansPlan.UnitTests", "FinansPlan.UnitTests\FinansPlan.UnitTests.csproj", "{4BA814BE-1088-46EB-AB4F-12E771D38BC3}"
EndProject
Global
	GlobalSection(SolutionConfigurationPlatforms) = preSolution
		Debug|Any CPU = Debug|Any CPU
		Release|Any CPU = Release|Any CPU
	EndGlobalSection
	GlobalSection(ProjectConfigurationPlatforms) = postSolution
		{04395BF4-D7CF-45F1-87EE-BADE345BFCCB}.Debug|Any CPU.ActiveCfg = Debug|Any CPU
		{04395BF4-D7CF-45F1-87EE-BADE345BFCCB}.Debug|Any CPU.Build.0 = Debug|Any CPU
		{04395BF4-D7CF-45F1-87EE-BADE345BFCCB}.Release|Any CPU.ActiveCfg = Release|Any CPU
		{04395BF4-D7CF-45F1-87EE-BADE345BFCCB}.Release|Any CPU.Build.0 = Release|Any CPU
		{4BA814BE-1088-46EB-AB4F-12E771D38BC3}.Debug|Any CPU.ActiveCfg = Debug|Any CPU
		{4BA814BE-1088-46EB-AB4F-12E771D38BC3}.Debug|Any CPU.Build.0 = Debug|Any CPU
		{4BA814BE-1088-46EB-AB4F-12E771D38BC3}.Release|Any CPU.ActiveCfg = Release|Any CPU
		{4BA814BE-1088-46EB-AB4F-12E771D38BC3}.Release|Any CPU.Build.0 = Release|Any CPU
	EndGlobalSection
	GlobalSection(SolutionProperties) = preSolution
		HideSolutionNode = FALSE
	EndGlobalSection
	GlobalSection(ExtensibilityGlobals) = postSolution
		SolutionGuid = {E635E3D5-9DB7-4898-81BA-BDD56077B4C3}
	EndGlobalSection
EndGlobal
